{
  "name": "flexslider",
  "version": "2.7.2",
  "lockfileVersion": 3,
  "requires": true,
  "packages": {
    "": {
      "name": "flexslider",
      "version": "2.7.2",
      "license": "GPL-2.0",
      "dependencies": {
        "flexslider": "file:",
        "jquery": ">=1.11.3"
      }
    },
    "node_modules/flexslider": {
      "resolved": "",
      "link": true
    },
    "node_modules/jquery": {
      "version": "1.11.3"
    }
  }
}
